
Microsoft Visual Studio Solution File, Format Version 12.00
# Visual Studio for Mac
Project("{FAE04EC0-301F-11D3-BF4B-00C04F79EFBC}") = "Prototype 3", "Prototype 3.csproj", "{BCE09579-342D-E3AE-314E-B2D4E5CB8225}"
EndProject
Project("{FAE04EC0-301F-11D3-BF4B-00C04F79EFBC}") = "Prototype 3.Editor", "Prototype 3.Editor.csproj", "{99E6F503-F505-B289-CDF4-0C7B31C8580A}"
EndProject
Global
	GlobalSection(SolutionConfigurationPlatforms) = preSolution
		Debug|Any CPU = Debug|Any CPU
		Release|Any CPU = Release|Any CPU
	EndGlobalSection
	GlobalSection(ProjectConfigurationPlatforms) = postSolution
		{BCE09579-342D-E3AE-314E-B2D4E5CB8225}.Debug|Any CPU.ActiveCfg = Debug|Any CPU
		{BCE09579-342D-E3AE-314E-B2D4E5CB8225}.Debug|Any CPU.Build.0 = Debug|Any CPU
		{BCE09579-342D-E3AE-314E-B2D4E5CB8225}.Release|Any CPU.ActiveCfg = Release|Any CPU
		{BCE09579-342D-E3AE-314E-B2D4E5CB8225}.Release|Any CPU.Build.0 = Release|Any CPU
		{99E6F503-F505-B289-CDF4-0C7B31C8580A}.Debug|Any CPU.ActiveCfg = Debug|Any CPU
		{99E6F503-F505-B289-CDF4-0C7B31C8580A}.Debug|Any CPU.Build.0 = Debug|Any CPU
		{99E6F503-F505-B289-CDF4-0C7B31C8580A}.Release|Any CPU.ActiveCfg = Release|Any CPU
		{99E6F503-F505-B289-CDF4-0C7B31C8580A}.Release|Any CPU.Build.0 = Release|Any CPU
	EndGlobalSection
	GlobalSection(SolutionProperties) = preSolution
		HideSolutionNode = FALSE
	EndGlobalSection
EndGlobal
